// !$*UTF8*$!
{
	archiveVersion = 1;
	classes = {
	};
	objectVersion = 56;
	objects = {

/* Begin PBXBuildFile section */
		582087232B72693B00DDC563 /* RefugesMapView.swift in Sources */ = {isa = PBXBuildFile; fileRef = 582087222B72693A00DDC563 /* RefugesMapView.swift */; };
		582087262B726AFF00DDC563 /* CLLocationCoordinate2D+extensions.swift in Sources */ = {isa = PBXBuildFile; fileRef = 582087252B726AFF00DDC563 /* CLLocationCoordinate2D+extensions.swift */; };
		582087282B726CCE00DDC563 /* RefugesMapView.RefugeAnnotation.swift in Sources */ = {isa = PBXBuildFile; fileRef = 582087272B726CCE00DDC563 /* RefugesMapView.RefugeAnnotation.swift */; };
		5820872A2B727F1900DDC563 /* IntegerLiteralType+extensions.swift in Sources */ = {isa = PBXBuildFile; fileRef = 582087292B727F1900DDC563 /* IntegerLiteralType+extensions.swift */; };
		582E411F2B6295980092AD0E /* Unicorp.DataTypesLibrary in Frameworks */ = {isa = PBXBuildFile; productRef = 582E411E2B6295980092AD0E /* Unicorp.DataTypesLibrary */; };
		58AD5A422A97BA6D00571534 /* RefugesInfo+LightPoint.swift in Sources */ = {isa = PBXBuildFile; fileRef = 58AD5A412A97BA6D00571534 /* RefugesInfo+LightPoint.swift */; };
		58AD5A452A97BB1700571534 /* RefugesInfo+Coordinates.swift in Sources */ = {isa = PBXBuildFile; fileRef = 58AD5A442A97BB1700571534 /* RefugesInfo+Coordinates.swift */; };
		58AD5A472A97BE4300571534 /* RefugesInfo+Maintenance.swift in Sources */ = {isa = PBXBuildFile; fileRef = 58AD5A462A97BE4300571534 /* RefugesInfo+Maintenance.swift */; };
		58AD5A492A97BE9200571534 /* RefugesInfo+Description.swift in Sources */ = {isa = PBXBuildFile; fileRef = 58AD5A482A97BE9200571534 /* RefugesInfo+Description.swift */; };
		58AD5A4B2A97BEA000571534 /* RefugesInfo+AdditionalInfo.swift in Sources */ = {isa = PBXBuildFile; fileRef = 58AD5A4A2A97BEA000571534 /* RefugesInfo+AdditionalInfo.swift */; };
		58AD5A4D2A97BEFE00571534 /* RefugesInfo+Article.swift in Sources */ = {isa = PBXBuildFile; fileRef = 58AD5A4C2A97BEFE00571534 /* RefugesInfo+Article.swift */; };
		58AD5A4F2A97BF1200571534 /* RefugesInfo+Creator.swift in Sources */ = {isa = PBXBuildFile; fileRef = 58AD5A4E2A97BF1200571534 /* RefugesInfo+Creator.swift */; };
		58AD5A512A97BF2500571534 /* RefugesInfo+DateInfo.swift in Sources */ = {isa = PBXBuildFile; fileRef = 58AD5A502A97BF2500571534 /* RefugesInfo+DateInfo.swift */; };
		58AD5A532A97C39D00571534 /* MockRefugesInfoDataProvider.swift in Sources */ = {isa = PBXBuildFile; fileRef = 58AD5A522A97C39D00571534 /* MockRefugesInfoDataProvider.swift */; };
		58AD5A562A97C3E600571534 /* RefugesInfo.Point+extensions.swift in Sources */ = {isa = PBXBuildFile; fileRef = 58AD5A552A97C3E600571534 /* RefugesInfo.Point+extensions.swift */; };
		58AD5A582A97C45C00571534 /* RefugesInfo.RefugePoint+extensions.swift in Sources */ = {isa = PBXBuildFile; fileRef = 58AD5A572A97C45C00571534 /* RefugesInfo.RefugePoint+extensions.swift */; };
		58AD5A5A2A97C4EC00571534 /* RefugeDescriptionView.swift in Sources */ = {isa = PBXBuildFile; fileRef = 58AD5A592A97C4EC00571534 /* RefugeDescriptionView.swift */; };
		58B2B8F42A98F745007BFE3F /* RefugeTitleView.swift in Sources */ = {isa = PBXBuildFile; fileRef = 58B2B8F32A98F745007BFE3F /* RefugeTitleView.swift */; };
		58B2B8F72A98FDC6007BFE3F /* InformationTabView.swift in Sources */ = {isa = PBXBuildFile; fileRef = 58B2B8F62A98FDC6007BFE3F /* InformationTabView.swift */; };
		58B2B8F92A98FE3A007BFE3F /* AccessTabView.swift in Sources */ = {isa = PBXBuildFile; fileRef = 58B2B8F82A98FE3A007BFE3F /* AccessTabView.swift */; };
		58B2B8FB2A9900A5007BFE3F /* RefugeDescriptionViewModel.swift in Sources */ = {isa = PBXBuildFile; fileRef = 58B2B8FA2A9900A5007BFE3F /* RefugeDescriptionViewModel.swift */; };
		58B2B8FF2A991991007BFE3F /* Array+CLLocationCoordinate2D.swift in Sources */ = {isa = PBXBuildFile; fileRef = 58B2B8FE2A991991007BFE3F /* Array+CLLocationCoordinate2D.swift */; };
		58B2B9022A991E85007BFE3F /* RefugesInfo+Massif.swift in Sources */ = {isa = PBXBuildFile; fileRef = 58B2B9012A991E85007BFE3F /* RefugesInfo+Massif.swift */; };
		58B2B9042A99465F007BFE3F /* AppRouter.swift in Sources */ = {isa = PBXBuildFile; fileRef = 58B2B9032A99465F007BFE3F /* AppRouter.swift */; };
		58B2B9062A995440007BFE3F /* RefugeDetailViewModel.swift in Sources */ = {isa = PBXBuildFile; fileRef = 58B2B9052A995440007BFE3F /* RefugeDetailViewModel.swift */; };
		58B2B9082A995506007BFE3F /* RefugeLoadingView.swift in Sources */ = {isa = PBXBuildFile; fileRef = 58B2B9072A995506007BFE3F /* RefugeLoadingView.swift */; };
		58BDE6002B6D29E9005BFEF3 /* LoadableObject.swift in Sources */ = {isa = PBXBuildFile; fileRef = 58BDE5FF2B6D29E9005BFEF3 /* LoadableObject.swift */; };
		58BDE6022B6D29FA005BFEF3 /* LoadingState.swift in Sources */ = {isa = PBXBuildFile; fileRef = 58BDE6012B6D29FA005BFEF3 /* LoadingState.swift */; };
		58BDE6042B6D2A32005BFEF3 /* AsyncActionView.swift in Sources */ = {isa = PBXBuildFile; fileRef = 58BDE6032B6D2A32005BFEF3 /* AsyncActionView.swift */; };
		58BDE6062B6D2A97005BFEF3 /* ActionableObject.swift in Sources */ = {isa = PBXBuildFile; fileRef = 58BDE6052B6D2A97005BFEF3 /* ActionableObject.swift */; };
		58C55C5A29F6DD22008F3A54 /* TripMappApp.swift in Sources */ = {isa = PBXBuildFile; fileRef = 58C55C5929F6DD22008F3A54 /* TripMappApp.swift */; };
		58C55C5C29F6DD22008F3A54 /* ContentView.swift in Sources */ = {isa = PBXBuildFile; fileRef = 58C55C5B29F6DD22008F3A54 /* ContentView.swift */; };
		58C55C5E29F6DD25008F3A54 /* Assets.xcassets in Resources */ = {isa = PBXBuildFile; fileRef = 58C55C5D29F6DD25008F3A54 /* Assets.xcassets */; };
		58C55C6129F6DD25008F3A54 /* Preview Assets.xcassets in Resources */ = {isa = PBXBuildFile; fileRef = 58C55C6029F6DD25008F3A54 /* Preview Assets.xcassets */; };
		58C55C6329F6DD25008F3A54 /* Persistence.swift in Sources */ = {isa = PBXBuildFile; fileRef = 58C55C6229F6DD25008F3A54 /* Persistence.swift */; };
		58C55C6629F6DD25008F3A54 /* TripMapp.xcdatamodeld in Sources */ = {isa = PBXBuildFile; fileRef = 58C55C6429F6DD25008F3A54 /* TripMapp.xcdatamodeld */; };
		58C55C7029F6DD26008F3A54 /* TripMappTests.swift in Sources */ = {isa = PBXBuildFile; fileRef = 58C55C6F29F6DD26008F3A54 /* TripMappTests.swift */; };
		58C55C7A29F6DD26008F3A54 /* TripMappUITests.swift in Sources */ = {isa = PBXBuildFile; fileRef = 58C55C7929F6DD26008F3A54 /* TripMappUITests.swift */; };
		58C55C7C29F6DD26008F3A54 /* TripMappUITestsLaunchTests.swift in Sources */ = {isa = PBXBuildFile; fileRef = 58C55C7B29F6DD26008F3A54 /* TripMappUITestsLaunchTests.swift */; };
		58D338B42B713FF2000D45EC /* RefugesInfoEndpoint.swift in Sources */ = {isa = PBXBuildFile; fileRef = 58D338B32B713FF2000D45EC /* RefugesInfoEndpoint.swift */; };
		58D338B62B714014000D45EC /* RefugesInfoDataProviderProtocol.swift in Sources */ = {isa = PBXBuildFile; fileRef = 58D338B52B714014000D45EC /* RefugesInfoDataProviderProtocol.swift */; };
		58D338B82B714027000D45EC /* NetworkError.swift in Sources */ = {isa = PBXBuildFile; fileRef = 58D338B72B714027000D45EC /* NetworkError.swift */; };
		58DA69522A951BED00F93FDF /* RefugesView.swift in Sources */ = {isa = PBXBuildFile; fileRef = 58DA69512A951BED00F93FDF /* RefugesView.swift */; };
		58DA69562A951E3100F93FDF /* RefugesInfo.swift in Sources */ = {isa = PBXBuildFile; fileRef = 58DA69552A951E3100F93FDF /* RefugesInfo.swift */; };
		58DA69582A951F4100F93FDF /* RefugesInfo+Geometry.swift in Sources */ = {isa = PBXBuildFile; fileRef = 58DA69572A951F4100F93FDF /* RefugesInfo+Geometry.swift */; };
		58DA695C2A95217800F93FDF /* RefugeCell.swift in Sources */ = {isa = PBXBuildFile; fileRef = 58DA695B2A95217800F93FDF /* RefugeCell.swift */; };
		58DA695E2A95266700F93FDF /* RefugesInfo+PointType.swift in Sources */ = {isa = PBXBuildFile; fileRef = 58DA695D2A95266700F93FDF /* RefugesInfo+PointType.swift */; };
		58DA69602A955B6E00F93FDF /* RefugesMapAndListView.swift in Sources */ = {isa = PBXBuildFile; fileRef = 58DA695F2A955B6E00F93FDF /* RefugesMapAndListView.swift */; };
		58DA69632A9561F500F93FDF /* RefugesByTypeTabView.swift in Sources */ = {isa = PBXBuildFile; fileRef = 58DA69622A9561F500F93FDF /* RefugesByTypeTabView.swift */; };
		58E4AC322A9E11580099C9E2 /* RefugesViewModel.swift in Sources */ = {isa = PBXBuildFile; fileRef = 58E4AC312A9E11580099C9E2 /* RefugesViewModel.swift */; };
		58E4AC342A9E14530099C9E2 /* RefugesMapAndListViewModel.swift in Sources */ = {isa = PBXBuildFile; fileRef = 58E4AC332A9E14530099C9E2 /* RefugesMapAndListViewModel.swift */; };
		58E4AC362A9E18B30099C9E2 /* RefugesByTypeTabViewModel.swift in Sources */ = {isa = PBXBuildFile; fileRef = 58E4AC352A9E18B30099C9E2 /* RefugesByTypeTabViewModel.swift */; };
		58E4AC392A9E195F0099C9E2 /* RefugePointType.swift in Sources */ = {isa = PBXBuildFile; fileRef = 58E4AC382A9E195F0099C9E2 /* RefugePointType.swift */; };
		58E8F58C2B63FA4200FAD846 /* Endpoint.swift in Sources */ = {isa = PBXBuildFile; fileRef = 58E8F58B2B63FA4200FAD846 /* Endpoint.swift */; };
		58E8F58E2B63FE3800FAD846 /* AsyncContentView.swift in Sources */ = {isa = PBXBuildFile; fileRef = 58E8F58D2B63FE3800FAD846 /* AsyncContentView.swift */; };
		58E8F5902B64072A00FAD846 /* DefaultErrorView.swift in Sources */ = {isa = PBXBuildFile; fileRef = 58E8F58F2B64072A00FAD846 /* DefaultErrorView.swift */; };
		58EB4A712A054003001BAE72 /* URL+extensions.swift in Sources */ = {isa = PBXBuildFile; fileRef = 58EB4A702A054003001BAE72 /* URL+extensions.swift */; };
		58EB4A7E2A05A1AA001BAE72 /* BannerView.swift in Sources */ = {isa = PBXBuildFile; fileRef = 58EB4A7D2A05A1AA001BAE72 /* BannerView.swift */; };
		58EB4A812A05A2D3001BAE72 /* Banner.swift in Sources */ = {isa = PBXBuildFile; fileRef = 58EB4A802A05A2D3001BAE72 /* Banner.swift */; };
		58EB4A832A05A3E4001BAE72 /* FullWidth.swift in Sources */ = {isa = PBXBuildFile; fileRef = 58EB4A822A05A3E4001BAE72 /* FullWidth.swift */; };
		58EB4A852A05A46B001BAE72 /* FullHeight.swift in Sources */ = {isa = PBXBuildFile; fileRef = 58EB4A842A05A46B001BAE72 /* FullHeight.swift */; };
		58FD00632A04072F004182B6 /* ExampleView.swift in Sources */ = {isa = PBXBuildFile; fileRef = 58FD00622A04072F004182B6 /* ExampleView.swift */; };
		58FD00682A04089C004182B6 /* RefugeDetailView.swift in Sources */ = {isa = PBXBuildFile; fileRef = 58FD00672A04089C004182B6 /* RefugeDetailView.swift */; };
		58FD006B2A040AAE004182B6 /* RefugesInfoDataProvider.swift in Sources */ = {isa = PBXBuildFile; fileRef = 58FD006A2A040AAE004182B6 /* RefugesInfoDataProvider.swift */; };
		58FD006D2A041310004182B6 /* RefugesInfo+Point.swift in Sources */ = {isa = PBXBuildFile; fileRef = 58FD006C2A041310004182B6 /* RefugesInfo+Point.swift */; };
		58FD006F2A04145D004182B6 /* RefugesInfo+RefugeResponse.swift in Sources */ = {isa = PBXBuildFile; fileRef = 58FD006E2A04145D004182B6 /* RefugesInfo+RefugeResponse.swift */; };
/* End PBXBuildFile section */

/* Begin PBXContainerItemProxy section */
		58C55C6C29F6DD26008F3A54 /* PBXContainerItemProxy */ = {
			isa = PBXContainerItemProxy;
			containerPortal = 58C55C4E29F6DD22008F3A54 /* Project object */;
			proxyType = 1;
			remoteGlobalIDString = 58C55C5529F6DD22008F3A54;
			remoteInfo = TripMapp;
		};
		58C55C7629F6DD26008F3A54 /* PBXContainerItemProxy */ = {
			isa = PBXContainerItemProxy;
			containerPortal = 58C55C4E29F6DD22008F3A54 /* Project object */;
			proxyType = 1;
			remoteGlobalIDString = 58C55C5529F6DD22008F3A54;
			remoteInfo = TripMapp;
		};
/* End PBXContainerItemProxy section */

/* Begin PBXFileReference section */
		582087222B72693A00DDC563 /* RefugesMapView.swift */ = {isa = PBXFileReference; lastKnownFileType = sourcecode.swift; path = RefugesMapView.swift; sourceTree = "<group>"; };
		582087252B726AFF00DDC563 /* CLLocationCoordinate2D+extensions.swift */ = {isa = PBXFileReference; lastKnownFileType = sourcecode.swift; path = "CLLocationCoordinate2D+extensions.swift"; sourceTree = "<group>"; };
		582087272B726CCE00DDC563 /* RefugesMapView.RefugeAnnotation.swift */ = {isa = PBXFileReference; lastKnownFileType = sourcecode.swift; path = RefugesMapView.RefugeAnnotation.swift; sourceTree = "<group>"; };
		582087292B727F1900DDC563 /* IntegerLiteralType+extensions.swift */ = {isa = PBXFileReference; lastKnownFileType = sourcecode.swift; path = "IntegerLiteralType+extensions.swift"; sourceTree = "<group>"; };
		58AD5A412A97BA6D00571534 /* RefugesInfo+LightPoint.swift */ = {isa = PBXFileReference; lastKnownFileType = sourcecode.swift; path = "RefugesInfo+LightPoint.swift"; sourceTree = "<group>"; };
		58AD5A442A97BB1700571534 /* RefugesInfo+Coordinates.swift */ = {isa = PBXFileReference; lastKnownFileType = sourcecode.swift; path = "RefugesInfo+Coordinates.swift"; sourceTree = "<group>"; };
		58AD5A462A97BE4300571534 /* RefugesInfo+Maintenance.swift */ = {isa = PBXFileReference; lastKnownFileType = sourcecode.swift; path = "RefugesInfo+Maintenance.swift"; sourceTree = "<group>"; };
		58AD5A482A97BE9200571534 /* RefugesInfo+Description.swift */ = {isa = PBXFileReference; lastKnownFileType = sourcecode.swift; path = "RefugesInfo+Description.swift"; sourceTree = "<group>"; };
		58AD5A4A2A97BEA000571534 /* RefugesInfo+AdditionalInfo.swift */ = {isa = PBXFileReference; lastKnownFileType = sourcecode.swift; path = "RefugesInfo+AdditionalInfo.swift"; sourceTree = "<group>"; };
		58AD5A4C2A97BEFE00571534 /* RefugesInfo+Article.swift */ = {isa = PBXFileReference; lastKnownFileType = sourcecode.swift; path = "RefugesInfo+Article.swift"; sourceTree = "<group>"; };
		58AD5A4E2A97BF1200571534 /* RefugesInfo+Creator.swift */ = {isa = PBXFileReference; lastKnownFileType = sourcecode.swift; path = "RefugesInfo+Creator.swift"; sourceTree = "<group>"; };
		58AD5A502A97BF2500571534 /* RefugesInfo+DateInfo.swift */ = {isa = PBXFileReference; lastKnownFileType = sourcecode.swift; path = "RefugesInfo+DateInfo.swift"; sourceTree = "<group>"; };
		58AD5A522A97C39D00571534 /* MockRefugesInfoDataProvider.swift */ = {isa = PBXFileReference; lastKnownFileType = sourcecode.swift; path = MockRefugesInfoDataProvider.swift; sourceTree = "<group>"; };
		58AD5A552A97C3E600571534 /* RefugesInfo.Point+extensions.swift */ = {isa = PBXFileReference; lastKnownFileType = sourcecode.swift; path = "RefugesInfo.Point+extensions.swift"; sourceTree = "<group>"; };
		58AD5A572A97C45C00571534 /* RefugesInfo.RefugePoint+extensions.swift */ = {isa = PBXFileReference; lastKnownFileType = sourcecode.swift; path = "RefugesInfo.RefugePoint+extensions.swift"; sourceTree = "<group>"; };
		58AD5A592A97C4EC00571534 /* RefugeDescriptionView.swift */ = {isa = PBXFileReference; lastKnownFileType = sourcecode.swift; path = RefugeDescriptionView.swift; sourceTree = "<group>"; };
		58B2B8F32A98F745007BFE3F /* RefugeTitleView.swift */ = {isa = PBXFileReference; lastKnownFileType = sourcecode.swift; path = RefugeTitleView.swift; sourceTree = "<group>"; };
		58B2B8F62A98FDC6007BFE3F /* InformationTabView.swift */ = {isa = PBXFileReference; lastKnownFileType = sourcecode.swift; path = InformationTabView.swift; sourceTree = "<group>"; };
		58B2B8F82A98FE3A007BFE3F /* AccessTabView.swift */ = {isa = PBXFileReference; lastKnownFileType = sourcecode.swift; path = AccessTabView.swift; sourceTree = "<group>"; };
		58B2B8FA2A9900A5007BFE3F /* RefugeDescriptionViewModel.swift */ = {isa = PBXFileReference; lastKnownFileType = sourcecode.swift; path = RefugeDescriptionViewModel.swift; sourceTree = "<group>"; };
		58B2B8FE2A991991007BFE3F /* Array+CLLocationCoordinate2D.swift */ = {isa = PBXFileReference; lastKnownFileType = sourcecode.swift; path = "Array+CLLocationCoordinate2D.swift"; sourceTree = "<group>"; };
		58B2B9012A991E85007BFE3F /* RefugesInfo+Massif.swift */ = {isa = PBXFileReference; lastKnownFileType = sourcecode.swift; path = "RefugesInfo+Massif.swift"; sourceTree = "<group>"; };
		58B2B9032A99465F007BFE3F /* AppRouter.swift */ = {isa = PBXFileReference; lastKnownFileType = sourcecode.swift; path = AppRouter.swift; sourceTree = "<group>"; };
		58B2B9052A995440007BFE3F /* RefugeDetailViewModel.swift */ = {isa = PBXFileReference; lastKnownFileType = sourcecode.swift; path = RefugeDetailViewModel.swift; sourceTree = "<group>"; };
		58B2B9072A995506007BFE3F /* RefugeLoadingView.swift */ = {isa = PBXFileReference; lastKnownFileType = sourcecode.swift; path = RefugeLoadingView.swift; sourceTree = "<group>"; };
		58BDE5FF2B6D29E9005BFEF3 /* LoadableObject.swift */ = {isa = PBXFileReference; lastKnownFileType = sourcecode.swift; path = LoadableObject.swift; sourceTree = "<group>"; };
		58BDE6012B6D29FA005BFEF3 /* LoadingState.swift */ = {isa = PBXFileReference; lastKnownFileType = sourcecode.swift; path = LoadingState.swift; sourceTree = "<group>"; };
		58BDE6032B6D2A32005BFEF3 /* AsyncActionView.swift */ = {isa = PBXFileReference; lastKnownFileType = sourcecode.swift; path = AsyncActionView.swift; sourceTree = "<group>"; };
		58BDE6052B6D2A97005BFEF3 /* ActionableObject.swift */ = {isa = PBXFileReference; lastKnownFileType = sourcecode.swift; path = ActionableObject.swift; sourceTree = "<group>"; };
		58C55C5629F6DD22008F3A54 /* TripMapp.app */ = {isa = PBXFileReference; explicitFileType = wrapper.application; includeInIndex = 0; path = TripMapp.app; sourceTree = BUILT_PRODUCTS_DIR; };
		58C55C5929F6DD22008F3A54 /* TripMappApp.swift */ = {isa = PBXFileReference; lastKnownFileType = sourcecode.swift; path = TripMappApp.swift; sourceTree = "<group>"; };
		58C55C5B29F6DD22008F3A54 /* ContentView.swift */ = {isa = PBXFileReference; lastKnownFileType = sourcecode.swift; path = ContentView.swift; sourceTree = "<group>"; };
		58C55C5D29F6DD25008F3A54 /* Assets.xcassets */ = {isa = PBXFileReference; lastKnownFileType = folder.assetcatalog; path = Assets.xcassets; sourceTree = "<group>"; };
		58C55C6029F6DD25008F3A54 /* Preview Assets.xcassets */ = {isa = PBXFileReference; lastKnownFileType = folder.assetcatalog; path = "Preview Assets.xcassets"; sourceTree = "<group>"; };
		58C55C6229F6DD25008F3A54 /* Persistence.swift */ = {isa = PBXFileReference; lastKnownFileType = sourcecode.swift; path = Persistence.swift; sourceTree = "<group>"; };
		58C55C6529F6DD25008F3A54 /* TripMapp.xcdatamodel */ = {isa = PBXFileReference; lastKnownFileType = wrapper.xcdatamodel; path = TripMapp.xcdatamodel; sourceTree = "<group>"; };
		58C55C6B29F6DD26008F3A54 /* TripMappTests.xctest */ = {isa = PBXFileReference; explicitFileType = wrapper.cfbundle; includeInIndex = 0; path = TripMappTests.xctest; sourceTree = BUILT_PRODUCTS_DIR; };
		58C55C6F29F6DD26008F3A54 /* TripMappTests.swift */ = {isa = PBXFileReference; lastKnownFileType = sourcecode.swift; path = TripMappTests.swift; sourceTree = "<group>"; };
		58C55C7529F6DD26008F3A54 /* TripMappUITests.xctest */ = {isa = PBXFileReference; explicitFileType = wrapper.cfbundle; includeInIndex = 0; path = TripMappUITests.xctest; sourceTree = BUILT_PRODUCTS_DIR; };
		58C55C7929F6DD26008F3A54 /* TripMappUITests.swift */ = {isa = PBXFileReference; lastKnownFileType = sourcecode.swift; path = TripMappUITests.swift; sourceTree = "<group>"; };
		58C55C7B29F6DD26008F3A54 /* TripMappUITestsLaunchTests.swift */ = {isa = PBXFileReference; lastKnownFileType = sourcecode.swift; path = TripMappUITestsLaunchTests.swift; sourceTree = "<group>"; };
		58D338B32B713FF2000D45EC /* RefugesInfoEndpoint.swift */ = {isa = PBXFileReference; lastKnownFileType = sourcecode.swift; path = RefugesInfoEndpoint.swift; sourceTree = "<group>"; };
		58D338B52B714014000D45EC /* RefugesInfoDataProviderProtocol.swift */ = {isa = PBXFileReference; lastKnownFileType = sourcecode.swift; path = RefugesInfoDataProviderProtocol.swift; sourceTree = "<group>"; };
		58D338B72B714027000D45EC /* NetworkError.swift */ = {isa = PBXFileReference; lastKnownFileType = sourcecode.swift; path = NetworkError.swift; sourceTree = "<group>"; };
		58DA69512A951BED00F93FDF /* RefugesView.swift */ = {isa = PBXFileReference; lastKnownFileType = sourcecode.swift; path = RefugesView.swift; sourceTree = "<group>"; };
		58DA69552A951E3100F93FDF /* RefugesInfo.swift */ = {isa = PBXFileReference; lastKnownFileType = sourcecode.swift; path = RefugesInfo.swift; sourceTree = "<group>"; };
		58DA69572A951F4100F93FDF /* RefugesInfo+Geometry.swift */ = {isa = PBXFileReference; lastKnownFileType = sourcecode.swift; path = "RefugesInfo+Geometry.swift"; sourceTree = "<group>"; };
		58DA695B2A95217800F93FDF /* RefugeCell.swift */ = {isa = PBXFileReference; lastKnownFileType = sourcecode.swift; path = RefugeCell.swift; sourceTree = "<group>"; };
		58DA695D2A95266700F93FDF /* RefugesInfo+PointType.swift */ = {isa = PBXFileReference; lastKnownFileType = sourcecode.swift; path = "RefugesInfo+PointType.swift"; sourceTree = "<group>"; };
		58DA695F2A955B6E00F93FDF /* RefugesMapAndListView.swift */ = {isa = PBXFileReference; lastKnownFileType = sourcecode.swift; path = RefugesMapAndListView.swift; sourceTree = "<group>"; };
		58DA69622A9561F500F93FDF /* RefugesByTypeTabView.swift */ = {isa = PBXFileReference; lastKnownFileType = sourcecode.swift; path = RefugesByTypeTabView.swift; sourceTree = "<group>"; };
		58E4AC312A9E11580099C9E2 /* RefugesViewModel.swift */ = {isa = PBXFileReference; lastKnownFileType = sourcecode.swift; path = RefugesViewModel.swift; sourceTree = "<group>"; };
		58E4AC332A9E14530099C9E2 /* RefugesMapAndListViewModel.swift */ = {isa = PBXFileReference; lastKnownFileType = sourcecode.swift; path = RefugesMapAndListViewModel.swift; sourceTree = "<group>"; };
		58E4AC352A9E18B30099C9E2 /* RefugesByTypeTabViewModel.swift */ = {isa = PBXFileReference; lastKnownFileType = sourcecode.swift; path = RefugesByTypeTabViewModel.swift; sourceTree = "<group>"; };
		58E4AC382A9E195F0099C9E2 /* RefugePointType.swift */ = {isa = PBXFileReference; lastKnownFileType = sourcecode.swift; path = RefugePointType.swift; sourceTree = "<group>"; };
		58E8F58B2B63FA4200FAD846 /* Endpoint.swift */ = {isa = PBXFileReference; lastKnownFileType = sourcecode.swift; path = Endpoint.swift; sourceTree = "<group>"; };
		58E8F58D2B63FE3800FAD846 /* AsyncContentView.swift */ = {isa = PBXFileReference; lastKnownFileType = sourcecode.swift; path = AsyncContentView.swift; sourceTree = "<group>"; };
		58E8F58F2B64072A00FAD846 /* DefaultErrorView.swift */ = {isa = PBXFileReference; lastKnownFileType = sourcecode.swift; path = DefaultErrorView.swift; sourceTree = "<group>"; };
		58EB4A702A054003001BAE72 /* URL+extensions.swift */ = {isa = PBXFileReference; lastKnownFileType = sourcecode.swift; path = "URL+extensions.swift"; sourceTree = "<group>"; };
		58EB4A7D2A05A1AA001BAE72 /* BannerView.swift */ = {isa = PBXFileReference; lastKnownFileType = sourcecode.swift; path = BannerView.swift; sourceTree = "<group>"; };
		58EB4A802A05A2D3001BAE72 /* Banner.swift */ = {isa = PBXFileReference; lastKnownFileType = sourcecode.swift; path = Banner.swift; sourceTree = "<group>"; };
		58EB4A822A05A3E4001BAE72 /* FullWidth.swift */ = {isa = PBXFileReference; lastKnownFileType = sourcecode.swift; path = FullWidth.swift; sourceTree = "<group>"; };
		58EB4A842A05A46B001BAE72 /* FullHeight.swift */ = {isa = PBXFileReference; lastKnownFileType = sourcecode.swift; path = FullHeight.swift; sourceTree = "<group>"; };
		58FD00622A04072F004182B6 /* ExampleView.swift */ = {isa = PBXFileReference; lastKnownFileType = sourcecode.swift; path = ExampleView.swift; sourceTree = "<group>"; };
		58FD00672A04089C004182B6 /* RefugeDetailView.swift */ = {isa = PBXFileReference; lastKnownFileType = sourcecode.swift; path = RefugeDetailView.swift; sourceTree = "<group>"; };
		58FD006A2A040AAE004182B6 /* RefugesInfoDataProvider.swift */ = {isa = PBXFileReference; lastKnownFileType = sourcecode.swift; path = RefugesInfoDataProvider.swift; sourceTree = "<group>"; };
		58FD006C2A041310004182B6 /* RefugesInfo+Point.swift */ = {isa = PBXFileReference; lastKnownFileType = sourcecode.swift; path = "RefugesInfo+Point.swift"; sourceTree = "<group>"; };
		58FD006E2A04145D004182B6 /* RefugesInfo+RefugeResponse.swift */ = {isa = PBXFileReference; lastKnownFileType = sourcecode.swift; path = "RefugesInfo+RefugeResponse.swift"; sourceTree = "<group>"; };
/* End PBXFileReference section */

/* Begin PBXFrameworksBuildPhase section */
		58C55C5329F6DD22008F3A54 /* Frameworks */ = {
			isa = PBXFrameworksBuildPhase;
			buildActionMask = 2147483647;
			files = (
				582E411F2B6295980092AD0E /* Unicorp.DataTypesLibrary in Frameworks */,
			);
			runOnlyForDeploymentPostprocessing = 0;
		};
		58C55C6829F6DD26008F3A54 /* Frameworks */ = {
			isa = PBXFrameworksBuildPhase;
			buildActionMask = 2147483647;
			files = (
			);
			runOnlyForDeploymentPostprocessing = 0;
		};
		58C55C7229F6DD26008F3A54 /* Frameworks */ = {
			isa = PBXFrameworksBuildPhase;
			buildActionMask = 2147483647;
			files = (
			);
			runOnlyForDeploymentPostprocessing = 0;
		};
/* End PBXFrameworksBuildPhase section */

/* Begin PBXGroup section */
		582087242B72697100DDC563 /* Map */ = {
			isa = PBXGroup;
			children = (
				582087222B72693A00DDC563 /* RefugesMapView.swift */,
				582087272B726CCE00DDC563 /* RefugesMapView.RefugeAnnotation.swift */,
			);
			path = Map;
			sourceTree = "<group>";
		};
		58AD5A432A97BABF00571534 /* Point */ = {
			isa = PBXGroup;
			children = (
				58FD006C2A041310004182B6 /* RefugesInfo+Point.swift */,
				58DA695D2A95266700F93FDF /* RefugesInfo+PointType.swift */,
				58AD5A412A97BA6D00571534 /* RefugesInfo+LightPoint.swift */,
				58AD5A442A97BB1700571534 /* RefugesInfo+Coordinates.swift */,
				58AD5A462A97BE4300571534 /* RefugesInfo+Maintenance.swift */,
				58AD5A482A97BE9200571534 /* RefugesInfo+Description.swift */,
				58AD5A4A2A97BEA000571534 /* RefugesInfo+AdditionalInfo.swift */,
				58AD5A4C2A97BEFE00571534 /* RefugesInfo+Article.swift */,
				58AD5A4E2A97BF1200571534 /* RefugesInfo+Creator.swift */,
				58AD5A502A97BF2500571534 /* RefugesInfo+DateInfo.swift */,
			);
			path = Point;
			sourceTree = "<group>";
		};
		58AD5A542A97C3D100571534 /* Models */ = {
			isa = PBXGroup;
			children = (
				58AD5A552A97C3E600571534 /* RefugesInfo.Point+extensions.swift */,
				58AD5A572A97C45C00571534 /* RefugesInfo.RefugePoint+extensions.swift */,
			);
			path = Models;
			sourceTree = "<group>";
		};
		58B2B8F52A98FD84007BFE3F /* RefugeDescriptionView */ = {
			isa = PBXGroup;
			children = (
				58AD5A592A97C4EC00571534 /* RefugeDescriptionView.swift */,
				58B2B8FA2A9900A5007BFE3F /* RefugeDescriptionViewModel.swift */,
				58B2B8F62A98FDC6007BFE3F /* InformationTabView.swift */,
				58B2B8F82A98FE3A007BFE3F /* AccessTabView.swift */,
			);
			path = RefugeDescriptionView;
			sourceTree = "<group>";
		};
		58B2B9002A991E76007BFE3F /* Massif */ = {
			isa = PBXGroup;
			children = (
				58B2B9012A991E85007BFE3F /* RefugesInfo+Massif.swift */,
			);
			path = Massif;
			sourceTree = "<group>";
		};
		58BDE5FD2B6D29CB005BFEF3 /* Views */ = {
			isa = PBXGroup;
			children = (
				582087242B72697100DDC563 /* Map */,
				58EB4A7D2A05A1AA001BAE72 /* BannerView.swift */,
				58E8F58D2B63FE3800FAD846 /* AsyncContentView.swift */,
				58E8F58F2B64072A00FAD846 /* DefaultErrorView.swift */,
				58BDE6032B6D2A32005BFEF3 /* AsyncActionView.swift */,
			);
			path = Views;
			sourceTree = "<group>";
		};
		58BDE5FE2B6D29DD005BFEF3 /* Models */ = {
			isa = PBXGroup;
			children = (
				58BDE6052B6D2A97005BFEF3 /* ActionableObject.swift */,
				58BDE5FF2B6D29E9005BFEF3 /* LoadableObject.swift */,
				58BDE6012B6D29FA005BFEF3 /* LoadingState.swift */,
			);
			path = Models;
			sourceTree = "<group>";
		};
		58C55C4D29F6DD22008F3A54 = {
			isa = PBXGroup;
			children = (
				58C55C5829F6DD22008F3A54 /* TripMapp */,
				58C55C6E29F6DD26008F3A54 /* TripMappTests */,
				58C55C7829F6DD26008F3A54 /* TripMappUITests */,
				58C55C5729F6DD22008F3A54 /* Products */,
			);
			sourceTree = "<group>";
		};
		58C55C5729F6DD22008F3A54 /* Products */ = {
			isa = PBXGroup;
			children = (
				58C55C5629F6DD22008F3A54 /* TripMapp.app */,
				58C55C6B29F6DD26008F3A54 /* TripMappTests.xctest */,
				58C55C7529F6DD26008F3A54 /* TripMappUITests.xctest */,
			);
			name = Products;
			sourceTree = "<group>";
		};
		58C55C5829F6DD22008F3A54 /* TripMapp */ = {
			isa = PBXGroup;
			children = (
				58DA69532A951D3900F93FDF /* DataSource */,
				58FD00722A0415FD004182B6 /* Helpers */,
				58FD00662A040771004182B6 /* Resources */,
				58FD00652A040762004182B6 /* Persistence */,
				58FD00642A040757004182B6 /* Views */,
				58C55C5929F6DD22008F3A54 /* TripMappApp.swift */,
				58B2B9032A99465F007BFE3F /* AppRouter.swift */,
				58C55C5F29F6DD25008F3A54 /* Preview Content */,
			);
			path = TripMapp;
			sourceTree = "<group>";
		};
		58C55C5F29F6DD25008F3A54 /* Preview Content */ = {
			isa = PBXGroup;
			children = (
				58C55C6029F6DD25008F3A54 /* Preview Assets.xcassets */,
			);
			path = "Preview Content";
			sourceTree = "<group>";
		};
		58C55C6E29F6DD26008F3A54 /* TripMappTests */ = {
			isa = PBXGroup;
			children = (
				58C55C6F29F6DD26008F3A54 /* TripMappTests.swift */,
			);
			path = TripMappTests;
			sourceTree = "<group>";
		};
		58C55C7829F6DD26008F3A54 /* TripMappUITests */ = {
			isa = PBXGroup;
			children = (
				58C55C7929F6DD26008F3A54 /* TripMappUITests.swift */,
				58C55C7B29F6DD26008F3A54 /* TripMappUITestsLaunchTests.swift */,
			);
			path = TripMappUITests;
			sourceTree = "<group>";
		};
		58D338B22B713FE5000D45EC /* RefugesInfo */ = {
			isa = PBXGroup;
			children = (
				58DA69542A951E2100F93FDF /* Models */,
				58D338B32B713FF2000D45EC /* RefugesInfoEndpoint.swift */,
				58D338B52B714014000D45EC /* RefugesInfoDataProviderProtocol.swift */,
				58FD006A2A040AAE004182B6 /* RefugesInfoDataProvider.swift */,
				58AD5A522A97C39D00571534 /* MockRefugesInfoDataProvider.swift */,
			);
			path = RefugesInfo;
			sourceTree = "<group>";
		};
		58DA694F2A951BD500F93FDF /* RefugeDetail */ = {
			isa = PBXGroup;
			children = (
				58B2B8F52A98FD84007BFE3F /* RefugeDescriptionView */,
				58FD00672A04089C004182B6 /* RefugeDetailView.swift */,
				58B2B9052A995440007BFE3F /* RefugeDetailViewModel.swift */,
				58B2B9072A995506007BFE3F /* RefugeLoadingView.swift */,
				58B2B8F32A98F745007BFE3F /* RefugeTitleView.swift */,
			);
			path = RefugeDetail;
			sourceTree = "<group>";
		};
		58DA69502A951BE100F93FDF /* RefugesView */ = {
			isa = PBXGroup;
			children = (
				58DA69512A951BED00F93FDF /* RefugesView.swift */,
				58E4AC312A9E11580099C9E2 /* RefugesViewModel.swift */,
				58DA695F2A955B6E00F93FDF /* RefugesMapAndListView.swift */,
				58E4AC332A9E14530099C9E2 /* RefugesMapAndListViewModel.swift */,
				58DA695B2A95217800F93FDF /* RefugeCell.swift */,
			);
			path = RefugesView;
			sourceTree = "<group>";
		};
		58DA69532A951D3900F93FDF /* DataSource */ = {
			isa = PBXGroup;
			children = (
				58D338B22B713FE5000D45EC /* RefugesInfo */,
				58E8F58B2B63FA4200FAD846 /* Endpoint.swift */,
				58D338B72B714027000D45EC /* NetworkError.swift */,
			);
			path = DataSource;
			sourceTree = "<group>";
		};
		58DA69542A951E2100F93FDF /* Models */ = {
			isa = PBXGroup;
			children = (
				58B2B9002A991E76007BFE3F /* Massif */,
				58AD5A432A97BABF00571534 /* Point */,
				58DA69552A951E3100F93FDF /* RefugesInfo.swift */,
				58DA69572A951F4100F93FDF /* RefugesInfo+Geometry.swift */,
				58FD006E2A04145D004182B6 /* RefugesInfo+RefugeResponse.swift */,
			);
			path = Models;
			sourceTree = "<group>";
		};
		58DA69612A9561D000F93FDF /* RefugesByType */ = {
			isa = PBXGroup;
			children = (
				58DA69622A9561F500F93FDF /* RefugesByTypeTabView.swift */,
				58E4AC352A9E18B30099C9E2 /* RefugesByTypeTabViewModel.swift */,
			);
			path = RefugesByType;
			sourceTree = "<group>";
		};
		58E4AC372A9E192F0099C9E2 /* Models */ = {
			isa = PBXGroup;
			children = (
				58E4AC382A9E195F0099C9E2 /* RefugePointType.swift */,
			);
			path = Models;
			sourceTree = "<group>";
		};
		58EB4A742A054264001BAE72 /* Extensions */ = {
			isa = PBXGroup;
			children = (
				58AD5A542A97C3D100571534 /* Models */,
				58EB4A702A054003001BAE72 /* URL+extensions.swift */,
				58B2B8FE2A991991007BFE3F /* Array+CLLocationCoordinate2D.swift */,
				582087252B726AFF00DDC563 /* CLLocationCoordinate2D+extensions.swift */,
				582087292B727F1900DDC563 /* IntegerLiteralType+extensions.swift */,
			);
			path = Extensions;
			sourceTree = "<group>";
		};
		58EB4A772A0545D6001BAE72 /* Refuge */ = {
			isa = PBXGroup;
			children = (
				58DA69612A9561D000F93FDF /* RefugesByType */,
				58DA69502A951BE100F93FDF /* RefugesView */,
				58DA694F2A951BD500F93FDF /* RefugeDetail */,
			);
			path = Refuge;
			sourceTree = "<group>";
		};
		58EB4A782A058D6C001BAE72 /* ViewModifiers */ = {
			isa = PBXGroup;
			children = (
				58EB4A802A05A2D3001BAE72 /* Banner.swift */,
				58EB4A822A05A3E4001BAE72 /* FullWidth.swift */,
				58EB4A842A05A46B001BAE72 /* FullHeight.swift */,
			);
			path = ViewModifiers;
			sourceTree = "<group>";
		};
		58FD00642A040757004182B6 /* Views */ = {
			isa = PBXGroup;
			children = (
				58E4AC372A9E192F0099C9E2 /* Models */,
				58EB4A782A058D6C001BAE72 /* ViewModifiers */,
				58EB4A772A0545D6001BAE72 /* Refuge */,
				58FD00622A04072F004182B6 /* ExampleView.swift */,
				58C55C5B29F6DD22008F3A54 /* ContentView.swift */,
			);
			path = Views;
			sourceTree = "<group>";
		};
		58FD00652A040762004182B6 /* Persistence */ = {
			isa = PBXGroup;
			children = (
				58C55C6229F6DD25008F3A54 /* Persistence.swift */,
				58C55C6429F6DD25008F3A54 /* TripMapp.xcdatamodeld */,
			);
			path = Persistence;
			sourceTree = "<group>";
		};
		58FD00662A040771004182B6 /* Resources */ = {
			isa = PBXGroup;
			children = (
				58C55C5D29F6DD25008F3A54 /* Assets.xcassets */,
			);
			path = Resources;
			sourceTree = "<group>";
		};
		58FD00722A0415FD004182B6 /* Helpers */ = {
			isa = PBXGroup;
			children = (
				58BDE5FE2B6D29DD005BFEF3 /* Models */,
				58BDE5FD2B6D29CB005BFEF3 /* Views */,
				58EB4A742A054264001BAE72 /* Extensions */,
			);
			path = Helpers;
			sourceTree = "<group>";
		};
/* End PBXGroup section */

/* Begin PBXNativeTarget section */
		58C55C5529F6DD22008F3A54 /* TripMapp */ = {
			isa = PBXNativeTarget;
			buildConfigurationList = 58C55C7F29F6DD26008F3A54 /* Build configuration list for PBXNativeTarget "TripMapp" */;
			buildPhases = (
				58C55C5229F6DD22008F3A54 /* Sources */,
				58C55C5329F6DD22008F3A54 /* Frameworks */,
				58C55C5429F6DD22008F3A54 /* Resources */,
			);
			buildRules = (
			);
			dependencies = (
			);
			name = TripMapp;
			packageProductDependencies = (
				582E411E2B6295980092AD0E /* Unicorp.DataTypesLibrary */,
			);
			productName = TripMapp;
			productReference = 58C55C5629F6DD22008F3A54 /* TripMapp.app */;
			productType = "com.apple.product-type.application";
		};
		58C55C6A29F6DD26008F3A54 /* TripMappTests */ = {
			isa = PBXNativeTarget;
			buildConfigurationList = 58C55C8229F6DD26008F3A54 /* Build configuration list for PBXNativeTarget "TripMappTests" */;
			buildPhases = (
				58C55C6729F6DD26008F3A54 /* Sources */,
				58C55C6829F6DD26008F3A54 /* Frameworks */,
				58C55C6929F6DD26008F3A54 /* Resources */,
			);
			buildRules = (
			);
			dependencies = (
				58C55C6D29F6DD26008F3A54 /* PBXTargetDependency */,
			);
			name = TripMappTests;
			productName = TripMappTests;
			productReference = 58C55C6B29F6DD26008F3A54 /* TripMappTests.xctest */;
			productType = "com.apple.product-type.bundle.unit-test";
		};
		58C55C7429F6DD26008F3A54 /* TripMappUITests */ = {
			isa = PBXNativeTarget;
			buildConfigurationList = 58C55C8529F6DD26008F3A54 /* Build configuration list for PBXNativeTarget "TripMappUITests" */;
			buildPhases = (
				58C55C7129F6DD26008F3A54 /* Sources */,
				58C55C7229F6DD26008F3A54 /* Frameworks */,
				58C55C7329F6DD26008F3A54 /* Resources */,
			);
			buildRules = (
			);
			dependencies = (
				58C55C7729F6DD26008F3A54 /* PBXTargetDependency */,
			);
			name = TripMappUITests;
			productName = TripMappUITests;
			productReference = 58C55C7529F6DD26008F3A54 /* TripMappUITests.xctest */;
			productType = "com.apple.product-type.bundle.ui-testing";
		};
/* End PBXNativeTarget section */

/* Begin PBXProject section */
		58C55C4E29F6DD22008F3A54 /* Project object */ = {
			isa = PBXProject;
			attributes = {
				BuildIndependentTargetsInParallel = 1;
				LastSwiftUpdateCheck = 1430;
				LastUpgradeCheck = 1430;
				TargetAttributes = {
					58C55C5529F6DD22008F3A54 = {
						CreatedOnToolsVersion = 14.3;
					};
					58C55C6A29F6DD26008F3A54 = {
						CreatedOnToolsVersion = 14.3;
						TestTargetID = 58C55C5529F6DD22008F3A54;
					};
					58C55C7429F6DD26008F3A54 = {
						CreatedOnToolsVersion = 14.3;
						TestTargetID = 58C55C5529F6DD22008F3A54;
					};
				};
			};
			buildConfigurationList = 58C55C5129F6DD22008F3A54 /* Build configuration list for PBXProject "TripMapp" */;
			compatibilityVersion = "Xcode 14.0";
			developmentRegion = en;
			hasScannedForEncodings = 0;
			knownRegions = (
				en,
				Base,
			);
			mainGroup = 58C55C4D29F6DD22008F3A54;
			packageReferences = (
				582E411D2B6295980092AD0E /* XCRemoteSwiftPackageReference "Unicorp.DataTypesLib" */,
			);
			productRefGroup = 58C55C5729F6DD22008F3A54 /* Products */;
			projectDirPath = "";
			projectRoot = "";
			targets = (
				58C55C5529F6DD22008F3A54 /* TripMapp */,
				58C55C6A29F6DD26008F3A54 /* TripMappTests */,
				58C55C7429F6DD26008F3A54 /* TripMappUITests */,
			);
		};
/* End PBXProject section */

/* Begin PBXResourcesBuildPhase section */
		58C55C5429F6DD22008F3A54 /* Resources */ = {
			isa = PBXResourcesBuildPhase;
			buildActionMask = 2147483647;
			files = (
				58C55C6129F6DD25008F3A54 /* Preview Assets.xcassets in Resources */,
				58C55C5E29F6DD25008F3A54 /* Assets.xcassets in Resources */,
			);
			runOnlyForDeploymentPostprocessing = 0;
		};
		58C55C6929F6DD26008F3A54 /* Resources */ = {
			isa = PBXResourcesBuildPhase;
			buildActionMask = 2147483647;
			files = (
			);
			runOnlyForDeploymentPostprocessing = 0;
		};
		58C55C7329F6DD26008F3A54 /* Resources */ = {
			isa = PBXResourcesBuildPhase;
			buildActionMask = 2147483647;
			files = (
			);
			runOnlyForDeploymentPostprocessing = 0;
		};
/* End PBXResourcesBuildPhase section */

/* Begin PBXSourcesBuildPhase section */
		58C55C5229F6DD22008F3A54 /* Sources */ = {
			isa = PBXSourcesBuildPhase;
			buildActionMask = 2147483647;
			files = (
				58DA695E2A95266700F93FDF /* RefugesInfo+PointType.swift in Sources */,
				58D338B82B714027000D45EC /* NetworkError.swift in Sources */,
				58AD5A562A97C3E600571534 /* RefugesInfo.Point+extensions.swift in Sources */,
				582087262B726AFF00DDC563 /* CLLocationCoordinate2D+extensions.swift in Sources */,
				58E4AC362A9E18B30099C9E2 /* RefugesByTypeTabViewModel.swift in Sources */,
				58DA69522A951BED00F93FDF /* RefugesView.swift in Sources */,
				58AD5A582A97C45C00571534 /* RefugesInfo.RefugePoint+extensions.swift in Sources */,
				58AD5A512A97BF2500571534 /* RefugesInfo+DateInfo.swift in Sources */,
				58AD5A452A97BB1700571534 /* RefugesInfo+Coordinates.swift in Sources */,
				58AD5A4F2A97BF1200571534 /* RefugesInfo+Creator.swift in Sources */,
				58AD5A4B2A97BEA000571534 /* RefugesInfo+AdditionalInfo.swift in Sources */,
				58E4AC392A9E195F0099C9E2 /* RefugePointType.swift in Sources */,
				58B2B9082A995506007BFE3F /* RefugeLoadingView.swift in Sources */,
				58B2B8FB2A9900A5007BFE3F /* RefugeDescriptionViewModel.swift in Sources */,
				58DA69562A951E3100F93FDF /* RefugesInfo.swift in Sources */,
				58AD5A472A97BE4300571534 /* RefugesInfo+Maintenance.swift in Sources */,
				58BDE6002B6D29E9005BFEF3 /* LoadableObject.swift in Sources */,
				582087282B726CCE00DDC563 /* RefugesMapView.RefugeAnnotation.swift in Sources */,
				58FD006D2A041310004182B6 /* RefugesInfo+Point.swift in Sources */,
				58BDE6022B6D29FA005BFEF3 /* LoadingState.swift in Sources */,
				58E8F5902B64072A00FAD846 /* DefaultErrorView.swift in Sources */,
				58D338B42B713FF2000D45EC /* RefugesInfoEndpoint.swift in Sources */,
				58EB4A7E2A05A1AA001BAE72 /* BannerView.swift in Sources */,
				58FD00682A04089C004182B6 /* RefugeDetailView.swift in Sources */,
				58B2B8F42A98F745007BFE3F /* RefugeTitleView.swift in Sources */,
				58FD006B2A040AAE004182B6 /* RefugesInfoDataProvider.swift in Sources */,
				58B2B9062A995440007BFE3F /* RefugeDetailViewModel.swift in Sources */,
				58DA695C2A95217800F93FDF /* RefugeCell.swift in Sources */,
				58DA69582A951F4100F93FDF /* RefugesInfo+Geometry.swift in Sources */,
				58E4AC322A9E11580099C9E2 /* RefugesViewModel.swift in Sources */,
				58DA69632A9561F500F93FDF /* RefugesByTypeTabView.swift in Sources */,
				58BDE6062B6D2A97005BFEF3 /* ActionableObject.swift in Sources */,
				58B2B8F92A98FE3A007BFE3F /* AccessTabView.swift in Sources */,
				58AD5A4D2A97BEFE00571534 /* RefugesInfo+Article.swift in Sources */,
				5820872A2B727F1900DDC563 /* IntegerLiteralType+extensions.swift in Sources */,
				58C55C6329F6DD25008F3A54 /* Persistence.swift in Sources */,
				58B2B8F72A98FDC6007BFE3F /* InformationTabView.swift in Sources */,
				58BDE6042B6D2A32005BFEF3 /* AsyncActionView.swift in Sources */,
				58C55C5C29F6DD22008F3A54 /* ContentView.swift in Sources */,
				58D338B62B714014000D45EC /* RefugesInfoDataProviderProtocol.swift in Sources */,
				58EB4A852A05A46B001BAE72 /* FullHeight.swift in Sources */,
				58DA69602A955B6E00F93FDF /* RefugesMapAndListView.swift in Sources */,
				58EB4A712A054003001BAE72 /* URL+extensions.swift in Sources */,
				582087232B72693B00DDC563 /* RefugesMapView.swift in Sources */,
				58AD5A422A97BA6D00571534 /* RefugesInfo+LightPoint.swift in Sources */,
				58C55C6629F6DD25008F3A54 /* TripMapp.xcdatamodeld in Sources */,
				58C55C5A29F6DD22008F3A54 /* TripMappApp.swift in Sources */,
				58B2B8FF2A991991007BFE3F /* Array+CLLocationCoordinate2D.swift in Sources */,
				58B2B9022A991E85007BFE3F /* RefugesInfo+Massif.swift in Sources */,
				58FD006F2A04145D004182B6 /* RefugesInfo+RefugeResponse.swift in Sources */,
				58E8F58E2B63FE3800FAD846 /* AsyncContentView.swift in Sources */,
				58EB4A832A05A3E4001BAE72 /* FullWidth.swift in Sources */,
				58AD5A492A97BE9200571534 /* RefugesInfo+Description.swift in Sources */,
				58AD5A5A2A97C4EC00571534 /* RefugeDescriptionView.swift in Sources */,
				58E4AC342A9E14530099C9E2 /* RefugesMapAndListViewModel.swift in Sources */,
				58EB4A812A05A2D3001BAE72 /* Banner.swift in Sources */,
				58B2B9042A99465F007BFE3F /* AppRouter.swift in Sources */,
				58AD5A532A97C39D00571534 /* MockRefugesInfoDataProvider.swift in Sources */,
				58E8F58C2B63FA4200FAD846 /* Endpoint.swift in Sources */,
				58FD00632A04072F004182B6 /* ExampleView.swift in Sources */,
			);
			runOnlyForDeploymentPostprocessing = 0;
		};
		58C55C6729F6DD26008F3A54 /* Sources */ = {
			isa = PBXSourcesBuildPhase;
			buildActionMask = 2147483647;
			files = (
				58C55C7029F6DD26008F3A54 /* TripMappTests.swift in Sources */,
			);
			runOnlyForDeploymentPostprocessing = 0;
		};
		58C55C7129F6DD26008F3A54 /* Sources */ = {
			isa = PBXSourcesBuildPhase;
			buildActionMask = 2147483647;
			files = (
				58C55C7C29F6DD26008F3A54 /* TripMappUITestsLaunchTests.swift in Sources */,
				58C55C7A29F6DD26008F3A54 /* TripMappUITests.swift in Sources */,
			);
			runOnlyForDeploymentPostprocessing = 0;
		};
/* End PBXSourcesBuildPhase section */

/* Begin PBXTargetDependency section */
		58C55C6D29F6DD26008F3A54 /* PBXTargetDependency */ = {
			isa = PBXTargetDependency;
			target = 58C55C5529F6DD22008F3A54 /* TripMapp */;
			targetProxy = 58C55C6C29F6DD26008F3A54 /* PBXContainerItemProxy */;
		};
		58C55C7729F6DD26008F3A54 /* PBXTargetDependency */ = {
			isa = PBXTargetDependency;
			target = 58C55C5529F6DD22008F3A54 /* TripMapp */;
			targetProxy = 58C55C7629F6DD26008F3A54 /* PBXContainerItemProxy */;
		};
/* End PBXTargetDependency section */

/* Begin XCBuildConfiguration section */
		58C55C7D29F6DD26008F3A54 /* Debug */ = {
			isa = XCBuildConfiguration;
			buildSettings = {
				ALWAYS_SEARCH_USER_PATHS = NO;
				CLANG_ANALYZER_NONNULL = YES;
				CLANG_ANALYZER_NUMBER_OBJECT_CONVERSION = YES_AGGRESSIVE;
				CLANG_CXX_LANGUAGE_STANDARD = "gnu++20";
				CLANG_ENABLE_MODULES = YES;
				CLANG_ENABLE_OBJC_ARC = YES;
				CLANG_ENABLE_OBJC_WEAK = YES;
				CLANG_WARN_BLOCK_CAPTURE_AUTORELEASING = YES;
				CLANG_WARN_BOOL_CONVERSION = YES;
				CLANG_WARN_COMMA = YES;
				CLANG_WARN_CONSTANT_CONVERSION = YES;
				CLANG_WARN_DEPRECATED_OBJC_IMPLEMENTATIONS = YES;
				CLANG_WARN_DIRECT_OBJC_ISA_USAGE = YES_ERROR;
				CLANG_WARN_DOCUMENTATION_COMMENTS = YES;
				CLANG_WARN_EMPTY_BODY = YES;
				CLANG_WARN_ENUM_CONVERSION = YES;
				CLANG_WARN_INFINITE_RECURSION = YES;
				CLANG_WARN_INT_CONVERSION = YES;
				CLANG_WARN_NON_LITERAL_NULL_CONVERSION = YES;
				CLANG_WARN_OBJC_IMPLICIT_RETAIN_SELF = YES;
				CLANG_WARN_OBJC_LITERAL_CONVERSION = YES;
				CLANG_WARN_OBJC_ROOT_CLASS = YES_ERROR;
				CLANG_WARN_QUOTED_INCLUDE_IN_FRAMEWORK_HEADER = YES;
				CLANG_WARN_RANGE_LOOP_ANALYSIS = YES;
				CLANG_WARN_STRICT_PROTOTYPES = YES;
				CLANG_WARN_SUSPICIOUS_MOVE = YES;
				CLANG_WARN_UNGUARDED_AVAILABILITY = YES_AGGRESSIVE;
				CLANG_WARN_UNREACHABLE_CODE = YES;
				CLANG_WARN__DUPLICATE_METHOD_MATCH = YES;
				COPY_PHASE_STRIP = NO;
				DEBUG_INFORMATION_FORMAT = dwarf;
				ENABLE_STRICT_OBJC_MSGSEND = YES;
				ENABLE_TESTABILITY = YES;
				GCC_C_LANGUAGE_STANDARD = gnu11;
				GCC_DYNAMIC_NO_PIC = NO;
				GCC_NO_COMMON_BLOCKS = YES;
				GCC_OPTIMIZATION_LEVEL = 0;
				GCC_PREPROCESSOR_DEFINITIONS = (
					"DEBUG=1",
					"$(inherited)",
				);
				GCC_WARN_64_TO_32_BIT_CONVERSION = YES;
				GCC_WARN_ABOUT_RETURN_TYPE = YES_ERROR;
				GCC_WARN_UNDECLARED_SELECTOR = YES;
				GCC_WARN_UNINITIALIZED_AUTOS = YES_AGGRESSIVE;
				GCC_WARN_UNUSED_FUNCTION = YES;
				GCC_WARN_UNUSED_VARIABLE = YES;
				IPHONEOS_DEPLOYMENT_TARGET = 16.4;
				MTL_ENABLE_DEBUG_INFO = INCLUDE_SOURCE;
				MTL_FAST_MATH = YES;
				ONLY_ACTIVE_ARCH = YES;
				SDKROOT = iphoneos;
				SWIFT_ACTIVE_COMPILATION_CONDITIONS = DEBUG;
				SWIFT_OPTIMIZATION_LEVEL = "-Onone";
			};
			name = Debug;
		};
		58C55C7E29F6DD26008F3A54 /* Release */ = {
			isa = XCBuildConfiguration;
			buildSettings = {
				ALWAYS_SEARCH_USER_PATHS = NO;
				CLANG_ANALYZER_NONNULL = YES;
				CLANG_ANALYZER_NUMBER_OBJECT_CONVERSION = YES_AGGRESSIVE;
				CLANG_CXX_LANGUAGE_STANDARD = "gnu++20";
				CLANG_ENABLE_MODULES = YES;
				CLANG_ENABLE_OBJC_ARC = YES;
				CLANG_ENABLE_OBJC_WEAK = YES;
				CLANG_WARN_BLOCK_CAPTURE_AUTORELEASING = YES;
				CLANG_WARN_BOOL_CONVERSION = YES;
				CLANG_WARN_COMMA = YES;
				CLANG_WARN_CONSTANT_CONVERSION = YES;
				CLANG_WARN_DEPRECATED_OBJC_IMPLEMENTATIONS = YES;
				CLANG_WARN_DIRECT_OBJC_ISA_USAGE = YES_ERROR;
				CLANG_WARN_DOCUMENTATION_COMMENTS = YES;
				CLANG_WARN_EMPTY_BODY = YES;
				CLANG_WARN_ENUM_CONVERSION = YES;
				CLANG_WARN_INFINITE_RECURSION = YES;
				CLANG_WARN_INT_CONVERSION = YES;
				CLANG_WARN_NON_LITERAL_NULL_CONVERSION = YES;
				CLANG_WARN_OBJC_IMPLICIT_RETAIN_SELF = YES;
				CLANG_WARN_OBJC_LITERAL_CONVERSION = YES;
				CLANG_WARN_OBJC_ROOT_CLASS = YES_ERROR;
				CLANG_WARN_QUOTED_INCLUDE_IN_FRAMEWORK_HEADER = YES;
				CLANG_WARN_RANGE_LOOP_ANALYSIS = YES;
				CLANG_WARN_STRICT_PROTOTYPES = YES;
				CLANG_WARN_SUSPICIOUS_MOVE = YES;
				CLANG_WARN_UNGUARDED_AVAILABILITY = YES_AGGRESSIVE;
				CLANG_WARN_UNREACHABLE_CODE = YES;
				CLANG_WARN__DUPLICATE_METHOD_MATCH = YES;
				COPY_PHASE_STRIP = NO;
				DEBUG_INFORMATION_FORMAT = "dwarf-with-dsym";
				ENABLE_NS_ASSERTIONS = NO;
				ENABLE_STRICT_OBJC_MSGSEND = YES;
				GCC_C_LANGUAGE_STANDARD = gnu11;
				GCC_NO_COMMON_BLOCKS = YES;
				GCC_WARN_64_TO_32_BIT_CONVERSION = YES;
				GCC_WARN_ABOUT_RETURN_TYPE = YES_ERROR;
				GCC_WARN_UNDECLARED_SELECTOR = YES;
				GCC_WARN_UNINITIALIZED_AUTOS = YES_AGGRESSIVE;
				GCC_WARN_UNUSED_FUNCTION = YES;
				GCC_WARN_UNUSED_VARIABLE = YES;
				IPHONEOS_DEPLOYMENT_TARGET = 16.4;
				MTL_ENABLE_DEBUG_INFO = NO;
				MTL_FAST_MATH = YES;
				SDKROOT = iphoneos;
				SWIFT_COMPILATION_MODE = wholemodule;
				SWIFT_OPTIMIZATION_LEVEL = "-O";
				VALIDATE_PRODUCT = YES;
			};
			name = Release;
		};
		58C55C8029F6DD26008F3A54 /* Debug */ = {
			isa = XCBuildConfiguration;
			buildSettings = {
				ASSETCATALOG_COMPILER_APPICON_NAME = AppIcon;
				ASSETCATALOG_COMPILER_GLOBAL_ACCENT_COLOR_NAME = AccentColor;
				CODE_SIGN_STYLE = Automatic;
				CURRENT_PROJECT_VERSION = 1;
				DEVELOPMENT_ASSET_PATHS = "\"TripMapp/Preview Content\"";
				DEVELOPMENT_TEAM = CN8ZHRZT3N;
				ENABLE_PREVIEWS = YES;
				GENERATE_INFOPLIST_FILE = YES;
				INFOPLIST_KEY_UIApplicationSceneManifest_Generation = YES;
				INFOPLIST_KEY_UIApplicationSupportsIndirectInputEvents = YES;
				INFOPLIST_KEY_UILaunchScreen_Generation = YES;
				INFOPLIST_KEY_UISupportedInterfaceOrientations_iPad = "UIInterfaceOrientationPortrait UIInterfaceOrientationPortraitUpsideDown UIInterfaceOrientationLandscapeLeft UIInterfaceOrientationLandscapeRight";
				INFOPLIST_KEY_UISupportedInterfaceOrientations_iPhone = "UIInterfaceOrientationPortrait UIInterfaceOrientationLandscapeLeft UIInterfaceOrientationLandscapeRight";
				IPHONEOS_DEPLOYMENT_TARGET = 17.0;
				LD_RUNPATH_SEARCH_PATHS = (
					"$(inherited)",
					"@executable_path/Frameworks",
				);
				MARKETING_VERSION = 1.0.0;
				PRODUCT_BUNDLE_IDENTIFIER = com.unicorpdev.TripMapp;
				PRODUCT_NAME = "$(TARGET_NAME)";
				SWIFT_EMIT_LOC_STRINGS = YES;
				SWIFT_VERSION = 5.0;
				TARGETED_DEVICE_FAMILY = "1,2";
			};
			name = Debug;
		};
		58C55C8129F6DD26008F3A54 /* Release */ = {
			isa = XCBuildConfiguration;
			buildSettings = {
				ASSETCATALOG_COMPILER_APPICON_NAME = AppIcon;
				ASSETCATALOG_COMPILER_GLOBAL_ACCENT_COLOR_NAME = AccentColor;
				CODE_SIGN_STYLE = Automatic;
				CURRENT_PROJECT_VERSION = 1;
				DEVELOPMENT_ASSET_PATHS = "\"TripMapp/Preview Content\"";
				DEVELOPMENT_TEAM = CN8ZHRZT3N;
				ENABLE_PREVIEWS = YES;
				GENERATE_INFOPLIST_FILE = YES;
				INFOPLIST_KEY_UIApplicationSceneManifest_Generation = YES;
				INFOPLIST_KEY_UIApplicationSupportsIndirectInputEvents = YES;
				INFOPLIST_KEY_UILaunchScreen_Generation = YES;
				INFOPLIST_KEY_UISupportedInterfaceOrientations_iPad = "UIInterfaceOrientationPortrait UIInterfaceOrientationPortraitUpsideDown UIInterfaceOrientationLandscapeLeft UIInterfaceOrientationLandscapeRight";
				INFOPLIST_KEY_UISupportedInterfaceOrientations_iPhone = "UIInterfaceOrientationPortrait UIInterfaceOrientationLandscapeLeft UIInterfaceOrientationLandscapeRight";
				IPHONEOS_DEPLOYMENT_TARGET = 17.0;
				LD_RUNPATH_SEARCH_PATHS = (
					"$(inherited)",
					"@executable_path/Frameworks",
				);
				MARKETING_VERSION = 1.0.0;
				PRODUCT_BUNDLE_IDENTIFIER = com.unicorpdev.TripMapp;
				PRODUCT_NAME = "$(TARGET_NAME)";
				SWIFT_EMIT_LOC_STRINGS = YES;
				SWIFT_VERSION = 5.0;
				TARGETED_DEVICE_FAMILY = "1,2";
			};
			name = Release;
		};
		58C55C8329F6DD26008F3A54 /* Debug */ = {
			isa = XCBuildConfiguration;
			buildSettings = {
				ALWAYS_EMBED_SWIFT_STANDARD_LIBRARIES = YES;
				BUNDLE_LOADER = "$(TEST_HOST)";
				CODE_SIGN_STYLE = Automatic;
				CURRENT_PROJECT_VERSION = 1;
				DEVELOPMENT_TEAM = CN8ZHRZT3N;
				GENERATE_INFOPLIST_FILE = YES;
				IPHONEOS_DEPLOYMENT_TARGET = 16.4;
				MARKETING_VERSION = 1.0;
				PRODUCT_BUNDLE_IDENTIFIER = com.unicorpdev.TripMappTests;
				PRODUCT_NAME = "$(TARGET_NAME)";
				SWIFT_EMIT_LOC_STRINGS = NO;
				SWIFT_VERSION = 5.0;
				TARGETED_DEVICE_FAMILY = "1,2";
				TEST_HOST = "$(BUILT_PRODUCTS_DIR)/TripMapp.app/$(BUNDLE_EXECUTABLE_FOLDER_PATH)/TripMapp";
			};
			name = Debug;
		};
		58C55C8429F6DD26008F3A54 /* Release */ = {
			isa = XCBuildConfiguration;
			buildSettings = {
				ALWAYS_EMBED_SWIFT_STANDARD_LIBRARIES = YES;
				BUNDLE_LOADER = "$(TEST_HOST)";
				CODE_SIGN_STYLE = Automatic;
				CURRENT_PROJECT_VERSION = 1;
				DEVELOPMENT_TEAM = CN8ZHRZT3N;
				GENERATE_INFOPLIST_FILE = YES;
				IPHONEOS_DEPLOYMENT_TARGET = 16.4;
				MARKETING_VERSION = 1.0;
				PRODUCT_BUNDLE_IDENTIFIER = com.unicorpdev.TripMappTests;
				PRODUCT_NAME = "$(TARGET_NAME)";
				SWIFT_EMIT_LOC_STRINGS = NO;
				SWIFT_VERSION = 5.0;
				TARGETED_DEVICE_FAMILY = "1,2";
				TEST_HOST = "$(BUILT_PRODUCTS_DIR)/TripMapp.app/$(BUNDLE_EXECUTABLE_FOLDER_PATH)/TripMapp";
			};
			name = Release;
		};
		58C55C8629F6DD26008F3A54 /* Debug */ = {
			isa = XCBuildConfiguration;
			buildSettings = {
				ALWAYS_EMBED_SWIFT_STANDARD_LIBRARIES = YES;
				CODE_SIGN_STYLE = Automatic;
				CURRENT_PROJECT_VERSION = 1;
				DEVELOPMENT_TEAM = CN8ZHRZT3N;
				GENERATE_INFOPLIST_FILE = YES;
				MARKETING_VERSION = 1.0;
				PRODUCT_BUNDLE_IDENTIFIER = com.unicorpdev.TripMappUITests;
				PRODUCT_NAME = "$(TARGET_NAME)";
				SWIFT_EMIT_LOC_STRINGS = NO;
				SWIFT_VERSION = 5.0;
				TARGETED_DEVICE_FAMILY = "1,2";
				TEST_TARGET_NAME = TripMapp;
			};
			name = Debug;
		};
		58C55C8729F6DD26008F3A54 /* Release */ = {
			isa = XCBuildConfiguration;
			buildSettings = {
				ALWAYS_EMBED_SWIFT_STANDARD_LIBRARIES = YES;
				CODE_SIGN_STYLE = Automatic;
				CURRENT_PROJECT_VERSION = 1;
				DEVELOPMENT_TEAM = CN8ZHRZT3N;
				GENERATE_INFOPLIST_FILE = YES;
				MARKETING_VERSION = 1.0;
				PRODUCT_BUNDLE_IDENTIFIER = com.unicorpdev.TripMappUITests;
				PRODUCT_NAME = "$(TARGET_NAME)";
				SWIFT_EMIT_LOC_STRINGS = NO;
				SWIFT_VERSION = 5.0;
				TARGETED_DEVICE_FAMILY = "1,2";
				TEST_TARGET_NAME = TripMapp;
			};
			name = Release;
		};
/* End XCBuildConfiguration section */

/* Begin XCConfigurationList section */
		58C55C5129F6DD22008F3A54 /* Build configuration list for PBXProject "TripMapp" */ = {
			isa = XCConfigurationList;
			buildConfigurations = (
				58C55C7D29F6DD26008F3A54 /* Debug */,
				58C55C7E29F6DD26008F3A54 /* Release */,
			);
			defaultConfigurationIsVisible = 0;
			defaultConfigurationName = Release;
		};
		58C55C7F29F6DD26008F3A54 /* Build configuration list for PBXNativeTarget "TripMapp" */ = {
			isa = XCConfigurationList;
			buildConfigurations = (
				58C55C8029F6DD26008F3A54 /* Debug */,
				58C55C8129F6DD26008F3A54 /* Release */,
			);
			defaultConfigurationIsVisible = 0;
			defaultConfigurationName = Release;
		};
		58C55C8229F6DD26008F3A54 /* Build configuration list for PBXNativeTarget "TripMappTests" */ = {
			isa = XCConfigurationList;
			buildConfigurations = (
				58C55C8329F6DD26008F3A54 /* Debug */,
				58C55C8429F6DD26008F3A54 /* Release */,
			);
			defaultConfigurationIsVisible = 0;
			defaultConfigurationName = Release;
		};
		58C55C8529F6DD26008F3A54 /* Build configuration list for PBXNativeTarget "TripMappUITests" */ = {
			isa = XCConfigurationList;
			buildConfigurations = (
				58C55C8629F6DD26008F3A54 /* Debug */,
				58C55C8729F6DD26008F3A54 /* Release */,
			);
			defaultConfigurationIsVisible = 0;
			defaultConfigurationName = Release;
		};
/* End XCConfigurationList section */

/* Begin XCRemoteSwiftPackageReference section */
		582E411D2B6295980092AD0E /* XCRemoteSwiftPackageReference "Unicorp.DataTypesLib" */ = {
			isa = XCRemoteSwiftPackageReference;
			repositoryURL = "https://github.com/mathilde-unicorp/Unicorp.DataTypesLib.Swift";
			requirement = {
				kind = exactVersion;
				version = 1.0.1;
			};
		};
/* End XCRemoteSwiftPackageReference section */

/* Begin XCSwiftPackageProductDependency section */
		582E411E2B6295980092AD0E /* Unicorp.DataTypesLibrary */ = {
			isa = XCSwiftPackageProductDependency;
			package = 582E411D2B6295980092AD0E /* XCRemoteSwiftPackageReference "Unicorp.DataTypesLib" */;
			productName = Unicorp.DataTypesLibrary;
		};
/* End XCSwiftPackageProductDependency section */

/* Begin XCVersionGroup section */
		58C55C6429F6DD25008F3A54 /* TripMapp.xcdatamodeld */ = {
			isa = XCVersionGroup;
			children = (
				58C55C6529F6DD25008F3A54 /* TripMapp.xcdatamodel */,
			);
			currentVersion = 58C55C6529F6DD25008F3A54 /* TripMapp.xcdatamodel */;
			path = TripMapp.xcdatamodeld;
			sourceTree = "<group>";
			versionGroupType = wrapper.xcdatamodel;
		};
/* End XCVersionGroup section */
	};
	rootObject = 58C55C4E29F6DD22008F3A54 /* Project object */;
}
