{
  "originHash" : "3bba3f9cfe7dc070392560897702c8a06a56d77e650c8e91fa5317a13c0a9399",
  "pins" : [
    {
      "identity" : "unicorp.apibuilder.swift",
      "kind" : "remoteSourceControl",
      "location" : "https://github.com/mathilde-unicorp/Unicorp.APIBuilder.Swift",
      "state" : {
        "revision" : "120de3a256c35bae3ef6f51a23f4d17d330864c2",
        "version" : "1.0.1"
      }
    },
    {
      "identity" : "unicorp.datatypeslib.swift",
      "kind" : "remoteSourceControl",
      "location" : "https://github.com/mathilde-unicorp/Unicorp.DataTypesLib.Swift",
      "state" : {
        "revision" : "3bad24328d170e476d5a310a95b4740dc9ecede4",
        "version" : "1.0.5"
      }
    },
    {
      "identity" : "unicorp.gpxfile.swift",
      "kind" : "remoteSourceControl",
      "location" : "https://github.com/mathilde-unicorp/Unicorp.GPXFile.Swift",
      "state" : {
        "revision" : "29442595f9c54f17ae173d1e50613350f0ff6759"
      }
    }
  ],
  "version" : 3
}
