{
  "pins" : [
    {
      "identity" : "unicorp.datatypeslib.swift",
      "kind" : "remoteSourceControl",
      "location" : "https://github.com/mathilde-unicorp/Unicorp.DataTypesLib.Swift",
      "state" : {
        "revision" : "5de668bf0bbe6cb050fba01a7dd8279bffe53e2c"
      }
    }
  ],
  "version" : 2
}
