{
  "pins" : [
    {
      "identity" : "unicorp.datatypeslib.swift",
      "kind" : "remoteSourceControl",
      "location" : "https://github.com/mathilde-unicorp/Unicorp.DataTypesLib.Swift",
      "state" : {
        "revision" : "aab2dc7ff0bc25a7ee67bdaba3b975a4e8085bbe"
      }
    }
  ],
  "version" : 2
}
